
Microsoft Visual Studio Solution File, Format Version 12.00
# Visual Studio Version 17
VisualStudioVersion = 17.4.33122.133
MinimumVisualStudioVersion = 10.0.40219.1
Project("{FAE04EC0-301F-11D3-BF4B-00C04F79EFBC}") = "U1-W3-E4", "U1-W3-E4\U1-W3-E4.csproj", "{1B323A1C-6C64-47FB-BAC4-172CE5D99446}"
EndProject
Global
	GlobalSection(SolutionConfigurationPlatforms) = preSolution
		Debug|Any CPU = Debug|Any CPU
		Release|Any CPU = Release|Any CPU
	EndGlobalSection
	GlobalSection(ProjectConfigurationPlatforms) = postSolution
		{1B323A1C-6C64-47FB-BAC4-172CE5D99446}.Debug|Any CPU.ActiveCfg = Debug|Any CPU
		{1B323A1C-6C64-47FB-BAC4-172CE5D99446}.Debug|Any CPU.Build.0 = Debug|Any CPU
		{1B323A1C-6C64-47FB-BAC4-172CE5D99446}.Release|Any CPU.ActiveCfg = Release|Any CPU
		{1B323A1C-6C64-47FB-BAC4-172CE5D99446}.Release|Any CPU.Build.0 = Release|Any CPU
	EndGlobalSection
	GlobalSection(SolutionProperties) = preSolution
		HideSolutionNode = FALSE
	EndGlobalSection
	GlobalSection(ExtensibilityGlobals) = postSolution
		SolutionGuid = {BCBBA279-1394-4AF7-B1B8-D6E9AD217738}
	EndGlobalSection
EndGlobal
